// !$*UTF8*$!
{
	archiveVersion = 1;
	classes = {
	};
	objectVersion = 55;
	objects = {

/* Begin PBXBuildFile section */
		2780EBC0235CFFBE9D16D886 /* Pods_InstagramUITests.framework in Frameworks */ = {isa = PBXBuildFile; fileRef = 9A60AC723C83541D5CA06DB1 /* Pods_InstagramUITests.framework */; };
		4886C98B885CE5AD7D7DB1C4 /* Pods_Instagram.framework in Frameworks */ = {isa = PBXBuildFile; fileRef = BC2F5F256461E04E88F9900D /* Pods_Instagram.framework */; };
		89CFEC34675EADE294AD4EA9 /* Pods_InstagramTests.framework in Frameworks */ = {isa = PBXBuildFile; fileRef = 83F45C2F82B0F963C861D928 /* Pods_InstagramTests.framework */; };
		8F59A50927F80699000C0F38 /* CommentCell.swift in Sources */ = {isa = PBXBuildFile; fileRef = 8F59A50827F80699000C0F38 /* CommentCell.swift */; };
		8FA9B43727ED81DA0050E20C /* AppDelegate.swift in Sources */ = {isa = PBXBuildFile; fileRef = 8FA9B43627ED81DA0050E20C /* AppDelegate.swift */; };
		8FA9B43927ED81DA0050E20C /* SceneDelegate.swift in Sources */ = {isa = PBXBuildFile; fileRef = 8FA9B43827ED81DA0050E20C /* SceneDelegate.swift */; };
		8FA9B43E27ED81DA0050E20C /* Main.storyboard in Resources */ = {isa = PBXBuildFile; fileRef = 8FA9B43C27ED81DA0050E20C /* Main.storyboard */; };
		8FA9B44027ED81DF0050E20C /* Assets.xcassets in Resources */ = {isa = PBXBuildFile; fileRef = 8FA9B43F27ED81DF0050E20C /* Assets.xcassets */; };
		8FA9B44327ED81DF0050E20C /* LaunchScreen.storyboard in Resources */ = {isa = PBXBuildFile; fileRef = 8FA9B44127ED81DF0050E20C /* LaunchScreen.storyboard */; };
		8FA9B44E27ED81DF0050E20C /* InstagramTests.swift in Sources */ = {isa = PBXBuildFile; fileRef = 8FA9B44D27ED81DF0050E20C /* InstagramTests.swift */; };
		8FA9B45827ED81DF0050E20C /* InstagramUITests.swift in Sources */ = {isa = PBXBuildFile; fileRef = 8FA9B45727ED81DF0050E20C /* InstagramUITests.swift */; };
		8FA9B45A27ED81DF0050E20C /* InstagramUITestsLaunchTests.swift in Sources */ = {isa = PBXBuildFile; fileRef = 8FA9B45927ED81DF0050E20C /* InstagramUITestsLaunchTests.swift */; };
		8FB1EF2A27EECBEE00A3C5E4 /* PostCell.swift in Sources */ = {isa = PBXBuildFile; fileRef = 8FB1EF2927EECBEE00A3C5E4 /* PostCell.swift */; };
		8FDD70E327ED8C9A00830F4D /* LoginViewController.swift in Sources */ = {isa = PBXBuildFile; fileRef = 8FDD70E227ED8C9A00830F4D /* LoginViewController.swift */; };
		8FDD70E527ED8CB600830F4D /* FeedViewController.swift in Sources */ = {isa = PBXBuildFile; fileRef = 8FDD70E427ED8CB600830F4D /* FeedViewController.swift */; };
		8FE8A53D27EEB4A70022F012 /* CameraViewController.swift in Sources */ = {isa = PBXBuildFile; fileRef = 8FE8A53C27EEB4A70022F012 /* CameraViewController.swift */; };
/* End PBXBuildFile section */

/* Begin PBXContainerItemProxy section */
		8FA9B44A27ED81DF0050E20C /* PBXContainerItemProxy */ = {
			isa = PBXContainerItemProxy;
			containerPortal = 8FA9B42B27ED81DA0050E20C /* Project object */;
			proxyType = 1;
			remoteGlobalIDString = 8FA9B43227ED81DA0050E20C;
			remoteInfo = Instagram;
		};
		8FA9B45427ED81DF0050E20C /* PBXContainerItemProxy */ = {
			isa = PBXContainerItemProxy;
			containerPortal = 8FA9B42B27ED81DA0050E20C /* Project object */;
			proxyType = 1;
			remoteGlobalIDString = 8FA9B43227ED81DA0050E20C;
			remoteInfo = Instagram;
		};
/* End PBXContainerItemProxy section */

/* Begin PBXFileReference section */
		3C30363E8ACC7322171B666B /* Pods-InstagramTests.release.xcconfig */ = {isa = PBXFileReference; includeInIndex = 1; lastKnownFileType = text.xcconfig; name = "Pods-InstagramTests.release.xcconfig"; path = "Target Support Files/Pods-InstagramTests/Pods-InstagramTests.release.xcconfig"; sourceTree = "<group>"; };
		44D702EC77F36556699F814E /* Pods-InstagramTests.debug.xcconfig */ = {isa = PBXFileReference; includeInIndex = 1; lastKnownFileType = text.xcconfig; name = "Pods-InstagramTests.debug.xcconfig"; path = "Target Support Files/Pods-InstagramTests/Pods-InstagramTests.debug.xcconfig"; sourceTree = "<group>"; };
		65579187C081BA89356B01B5 /* Pods-InstagramUITests.debug.xcconfig */ = {isa = PBXFileReference; includeInIndex = 1; lastKnownFileType = text.xcconfig; name = "Pods-InstagramUITests.debug.xcconfig"; path = "Target Support Files/Pods-InstagramUITests/Pods-InstagramUITests.debug.xcconfig"; sourceTree = "<group>"; };
		6BE395702968F862783D107A /* Pods-Instagram.debug.xcconfig */ = {isa = PBXFileReference; includeInIndex = 1; lastKnownFileType = text.xcconfig; name = "Pods-Instagram.debug.xcconfig"; path = "Target Support Files/Pods-Instagram/Pods-Instagram.debug.xcconfig"; sourceTree = "<group>"; };
		83F45C2F82B0F963C861D928 /* Pods_InstagramTests.framework */ = {isa = PBXFileReference; explicitFileType = wrapper.framework; includeInIndex = 0; path = Pods_InstagramTests.framework; sourceTree = BUILT_PRODUCTS_DIR; };
		8F59A50827F80699000C0F38 /* CommentCell.swift */ = {isa = PBXFileReference; lastKnownFileType = sourcecode.swift; path = CommentCell.swift; sourceTree = "<group>"; };
		8FA9B43327ED81DA0050E20C /* Instagram.app */ = {isa = PBXFileReference; explicitFileType = wrapper.application; includeInIndex = 0; path = Instagram.app; sourceTree = BUILT_PRODUCTS_DIR; };
		8FA9B43627ED81DA0050E20C /* AppDelegate.swift */ = {isa = PBXFileReference; lastKnownFileType = sourcecode.swift; path = AppDelegate.swift; sourceTree = "<group>"; };
		8FA9B43827ED81DA0050E20C /* SceneDelegate.swift */ = {isa = PBXFileReference; lastKnownFileType = sourcecode.swift; path = SceneDelegate.swift; sourceTree = "<group>"; };
		8FA9B43D27ED81DA0050E20C /* Base */ = {isa = PBXFileReference; lastKnownFileType = file.storyboard; name = Base; path = Base.lproj/Main.storyboard; sourceTree = "<group>"; };
		8FA9B43F27ED81DF0050E20C /* Assets.xcassets */ = {isa = PBXFileReference; lastKnownFileType = folder.assetcatalog; path = Assets.xcassets; sourceTree = "<group>"; };
		8FA9B44227ED81DF0050E20C /* Base */ = {isa = PBXFileReference; lastKnownFileType = file.storyboard; name = Base; path = Base.lproj/LaunchScreen.storyboard; sourceTree = "<group>"; };
		8FA9B44427ED81DF0050E20C /* Info.plist */ = {isa = PBXFileReference; lastKnownFileType = text.plist.xml; path = Info.plist; sourceTree = "<group>"; };
		8FA9B44927ED81DF0050E20C /* InstagramTests.xctest */ = {isa = PBXFileReference; explicitFileType = wrapper.cfbundle; includeInIndex = 0; path = InstagramTests.xctest; sourceTree = BUILT_PRODUCTS_DIR; };
		8FA9B44D27ED81DF0050E20C /* InstagramTests.swift */ = {isa = PBXFileReference; lastKnownFileType = sourcecode.swift; path = InstagramTests.swift; sourceTree = "<group>"; };
		8FA9B45327ED81DF0050E20C /* InstagramUITests.xctest */ = {isa = PBXFileReference; explicitFileType = wrapper.cfbundle; includeInIndex = 0; path = InstagramUITests.xctest; sourceTree = BUILT_PRODUCTS_DIR; };
		8FA9B45727ED81DF0050E20C /* InstagramUITests.swift */ = {isa = PBXFileReference; lastKnownFileType = sourcecode.swift; path = InstagramUITests.swift; sourceTree = "<group>"; };
		8FA9B45927ED81DF0050E20C /* InstagramUITestsLaunchTests.swift */ = {isa = PBXFileReference; lastKnownFileType = sourcecode.swift; path = InstagramUITestsLaunchTests.swift; sourceTree = "<group>"; };
		8FB1EF2927EECBEE00A3C5E4 /* PostCell.swift */ = {isa = PBXFileReference; lastKnownFileType = sourcecode.swift; path = PostCell.swift; sourceTree = "<group>"; };
		8FDD70E227ED8C9A00830F4D /* LoginViewController.swift */ = {isa = PBXFileReference; lastKnownFileType = sourcecode.swift; path = LoginViewController.swift; sourceTree = "<group>"; };
		8FDD70E427ED8CB600830F4D /* FeedViewController.swift */ = {isa = PBXFileReference; lastKnownFileType = sourcecode.swift; path = FeedViewController.swift; sourceTree = "<group>"; };
		8FE8A53C27EEB4A70022F012 /* CameraViewController.swift */ = {isa = PBXFileReference; lastKnownFileType = sourcecode.swift; path = CameraViewController.swift; sourceTree = "<group>"; };
		9A60AC723C83541D5CA06DB1 /* Pods_InstagramUITests.framework */ = {isa = PBXFileReference; explicitFileType = wrapper.framework; includeInIndex = 0; path = Pods_InstagramUITests.framework; sourceTree = BUILT_PRODUCTS_DIR; };
		A7567CDA057395AB0B6AF41D /* Pods-Instagram-InstagramUITests.release.xcconfig */ = {isa = PBXFileReference; includeInIndex = 1; lastKnownFileType = text.xcconfig; name = "Pods-Instagram-InstagramUITests.release.xcconfig"; path = "Target Support Files/Pods-Instagram-InstagramUITests/Pods-Instagram-InstagramUITests.release.xcconfig"; sourceTree = "<group>"; };
		BC2F5F256461E04E88F9900D /* Pods_Instagram.framework */ = {isa = PBXFileReference; explicitFileType = wrapper.framework; includeInIndex = 0; path = Pods_Instagram.framework; sourceTree = BUILT_PRODUCTS_DIR; };
		D8427C49CD8F04BE8AAB8310 /* Pods-InstagramUITests.release.xcconfig */ = {isa = PBXFileReference; includeInIndex = 1; lastKnownFileType = text.xcconfig; name = "Pods-InstagramUITests.release.xcconfig"; path = "Target Support Files/Pods-InstagramUITests/Pods-InstagramUITests.release.xcconfig"; sourceTree = "<group>"; };
		EE2CB0EC7E94EB9EC6C7FACD /* Pods-Instagram-InstagramUITests.debug.xcconfig */ = {isa = PBXFileReference; includeInIndex = 1; lastKnownFileType = text.xcconfig; name = "Pods-Instagram-InstagramUITests.debug.xcconfig"; path = "Target Support Files/Pods-Instagram-InstagramUITests/Pods-Instagram-InstagramUITests.debug.xcconfig"; sourceTree = "<group>"; };
		F5CB9113EB4A3184F043B957 /* Pods-Instagram.release.xcconfig */ = {isa = PBXFileReference; includeInIndex = 1; lastKnownFileType = text.xcconfig; name = "Pods-Instagram.release.xcconfig"; path = "Target Support Files/Pods-Instagram/Pods-Instagram.release.xcconfig"; sourceTree = "<group>"; };
/* End PBXFileReference section */

/* Begin PBXFrameworksBuildPhase section */
		8FA9B43027ED81DA0050E20C /* Frameworks */ = {
			isa = PBXFrameworksBuildPhase;
			buildActionMask = 2147483647;
			files = (
				4886C98B885CE5AD7D7DB1C4 /* Pods_Instagram.framework in Frameworks */,
			);
			runOnlyForDeploymentPostprocessing = 0;
		};
		8FA9B44627ED81DF0050E20C /* Frameworks */ = {
			isa = PBXFrameworksBuildPhase;
			buildActionMask = 2147483647;
			files = (
				89CFEC34675EADE294AD4EA9 /* Pods_InstagramTests.framework in Frameworks */,
			);
			runOnlyForDeploymentPostprocessing = 0;
		};
		8FA9B45027ED81DF0050E20C /* Frameworks */ = {
			isa = PBXFrameworksBuildPhase;
			buildActionMask = 2147483647;
			files = (
				2780EBC0235CFFBE9D16D886 /* Pods_InstagramUITests.framework in Frameworks */,
			);
			runOnlyForDeploymentPostprocessing = 0;
		};
/* End PBXFrameworksBuildPhase section */

/* Begin PBXGroup section */
		3666CC49934A7D0A286AE0A2 /* Pods */ = {
			isa = PBXGroup;
			children = (
				6BE395702968F862783D107A /* Pods-Instagram.debug.xcconfig */,
				F5CB9113EB4A3184F043B957 /* Pods-Instagram.release.xcconfig */,
				EE2CB0EC7E94EB9EC6C7FACD /* Pods-Instagram-InstagramUITests.debug.xcconfig */,
				A7567CDA057395AB0B6AF41D /* Pods-Instagram-InstagramUITests.release.xcconfig */,
				44D702EC77F36556699F814E /* Pods-InstagramTests.debug.xcconfig */,
				3C30363E8ACC7322171B666B /* Pods-InstagramTests.release.xcconfig */,
				65579187C081BA89356B01B5 /* Pods-InstagramUITests.debug.xcconfig */,
				D8427C49CD8F04BE8AAB8310 /* Pods-InstagramUITests.release.xcconfig */,
			);
			path = Pods;
			sourceTree = "<group>";
		};
		8FA9B42A27ED81DA0050E20C = {
			isa = PBXGroup;
			children = (
				8FA9B43527ED81DA0050E20C /* Instagram */,
				8FA9B44C27ED81DF0050E20C /* InstagramTests */,
				8FA9B45627ED81DF0050E20C /* InstagramUITests */,
				8FA9B43427ED81DA0050E20C /* Products */,
				3666CC49934A7D0A286AE0A2 /* Pods */,
				D0D03ADB3BA45FFEDF1CA08C /* Frameworks */,
			);
			sourceTree = "<group>";
		};
		8FA9B43427ED81DA0050E20C /* Products */ = {
			isa = PBXGroup;
			children = (
				8FA9B43327ED81DA0050E20C /* Instagram.app */,
				8FA9B44927ED81DF0050E20C /* InstagramTests.xctest */,
				8FA9B45327ED81DF0050E20C /* InstagramUITests.xctest */,
			);
			name = Products;
			sourceTree = "<group>";
		};
		8FA9B43527ED81DA0050E20C /* Instagram */ = {
			isa = PBXGroup;
			children = (
				8FA9B43627ED81DA0050E20C /* AppDelegate.swift */,
				8FA9B43827ED81DA0050E20C /* SceneDelegate.swift */,
				8FA9B43C27ED81DA0050E20C /* Main.storyboard */,
				8FA9B43F27ED81DF0050E20C /* Assets.xcassets */,
				8FA9B44127ED81DF0050E20C /* LaunchScreen.storyboard */,
				8FA9B44427ED81DF0050E20C /* Info.plist */,
				8FDD70E227ED8C9A00830F4D /* LoginViewController.swift */,
				8FE8A53C27EEB4A70022F012 /* CameraViewController.swift */,
				8FDD70E427ED8CB600830F4D /* FeedViewController.swift */,
				8FB1EF2927EECBEE00A3C5E4 /* PostCell.swift */,
				8F59A50827F80699000C0F38 /* CommentCell.swift */,
			);
			path = Instagram;
			sourceTree = "<group>";
		};
		8FA9B44C27ED81DF0050E20C /* InstagramTests */ = {
			isa = PBXGroup;
			children = (
				8FA9B44D27ED81DF0050E20C /* InstagramTests.swift */,
			);
			path = InstagramTests;
			sourceTree = "<group>";
		};
		8FA9B45627ED81DF0050E20C /* InstagramUITests */ = {
			isa = PBXGroup;
			children = (
				8FA9B45727ED81DF0050E20C /* InstagramUITests.swift */,
				8FA9B45927ED81DF0050E20C /* InstagramUITestsLaunchTests.swift */,
			);
			path = InstagramUITests;
			sourceTree = "<group>";
		};
		D0D03ADB3BA45FFEDF1CA08C /* Frameworks */ = {
			isa = PBXGroup;
			children = (
				BC2F5F256461E04E88F9900D /* Pods_Instagram.framework */,
				83F45C2F82B0F963C861D928 /* Pods_InstagramTests.framework */,
				9A60AC723C83541D5CA06DB1 /* Pods_InstagramUITests.framework */,
			);
			name = Frameworks;
			sourceTree = "<group>";
		};
/* End PBXGroup section */

/* Begin PBXNativeTarget section */
		8FA9B43227ED81DA0050E20C /* Instagram */ = {
			isa = PBXNativeTarget;
			buildConfigurationList = 8FA9B45D27ED81DF0050E20C /* Build configuration list for PBXNativeTarget "Instagram" */;
			buildPhases = (
				D995B419BF0C2DA86EAB21B1 /* [CP] Check Pods Manifest.lock */,
				8FA9B42F27ED81DA0050E20C /* Sources */,
				8FA9B43027ED81DA0050E20C /* Frameworks */,
				8FA9B43127ED81DA0050E20C /* Resources */,
				771C86A799DD0DC6F6440E1A /* [CP] Embed Pods Frameworks */,
			);
			buildRules = (
			);
			dependencies = (
			);
			name = Instagram;
			productName = Instagram;
			productReference = 8FA9B43327ED81DA0050E20C /* Instagram.app */;
			productType = "com.apple.product-type.application";
		};
		8FA9B44827ED81DF0050E20C /* InstagramTests */ = {
			isa = PBXNativeTarget;
			buildConfigurationList = 8FA9B46027ED81DF0050E20C /* Build configuration list for PBXNativeTarget "InstagramTests" */;
			buildPhases = (
				CF4999660E7853E0414C3043 /* [CP] Check Pods Manifest.lock */,
				8FA9B44527ED81DF0050E20C /* Sources */,
				8FA9B44627ED81DF0050E20C /* Frameworks */,
				8FA9B44727ED81DF0050E20C /* Resources */,
			);
			buildRules = (
			);
			dependencies = (
				8FA9B44B27ED81DF0050E20C /* PBXTargetDependency */,
			);
			name = InstagramTests;
			productName = InstagramTests;
			productReference = 8FA9B44927ED81DF0050E20C /* InstagramTests.xctest */;
			productType = "com.apple.product-type.bundle.unit-test";
		};
		8FA9B45227ED81DF0050E20C /* InstagramUITests */ = {
			isa = PBXNativeTarget;
			buildConfigurationList = 8FA9B46327ED81DF0050E20C /* Build configuration list for PBXNativeTarget "InstagramUITests" */;
			buildPhases = (
				933BBB469A0DC674DF32229C /* [CP] Check Pods Manifest.lock */,
				8FA9B44F27ED81DF0050E20C /* Sources */,
				8FA9B45027ED81DF0050E20C /* Frameworks */,
				8FA9B45127ED81DF0050E20C /* Resources */,
			);
			buildRules = (
			);
			dependencies = (
				8FA9B45527ED81DF0050E20C /* PBXTargetDependency */,
			);
			name = InstagramUITests;
			productName = InstagramUITests;
			productReference = 8FA9B45327ED81DF0050E20C /* InstagramUITests.xctest */;
			productType = "com.apple.product-type.bundle.ui-testing";
		};
/* End PBXNativeTarget section */

/* Begin PBXProject section */
		8FA9B42B27ED81DA0050E20C /* Project object */ = {
			isa = PBXProject;
			attributes = {
				BuildIndependentTargetsInParallel = 1;
				LastSwiftUpdateCheck = 1330;
				LastUpgradeCheck = 1330;
				TargetAttributes = {
					8FA9B43227ED81DA0050E20C = {
						CreatedOnToolsVersion = 13.3;
					};
					8FA9B44827ED81DF0050E20C = {
						CreatedOnToolsVersion = 13.3;
						TestTargetID = 8FA9B43227ED81DA0050E20C;
					};
					8FA9B45227ED81DF0050E20C = {
						CreatedOnToolsVersion = 13.3;
						TestTargetID = 8FA9B43227ED81DA0050E20C;
					};
				};
			};
			buildConfigurationList = 8FA9B42E27ED81DA0050E20C /* Build configuration list for PBXProject "Instagram" */;
			compatibilityVersion = "Xcode 13.0";
			developmentRegion = en;
			hasScannedForEncodings = 0;
			knownRegions = (
				en,
				Base,
			);
			mainGroup = 8FA9B42A27ED81DA0050E20C;
			productRefGroup = 8FA9B43427ED81DA0050E20C /* Products */;
			projectDirPath = "";
			projectRoot = "";
			targets = (
				8FA9B43227ED81DA0050E20C /* Instagram */,
				8FA9B44827ED81DF0050E20C /* InstagramTests */,
				8FA9B45227ED81DF0050E20C /* InstagramUITests */,
			);
		};
/* End PBXProject section */

/* Begin PBXResourcesBuildPhase section */
		8FA9B43127ED81DA0050E20C /* Resources */ = {
			isa = PBXResourcesBuildPhase;
			buildActionMask = 2147483647;
			files = (
				8FA9B44327ED81DF0050E20C /* LaunchScreen.storyboard in Resources */,
				8FA9B44027ED81DF0050E20C /* Assets.xcassets in Resources */,
				8FA9B43E27ED81DA0050E20C /* Main.storyboard in Resources */,
			);
			runOnlyForDeploymentPostprocessing = 0;
		};
		8FA9B44727ED81DF0050E20C /* Resources */ = {
			isa = PBXResourcesBuildPhase;
			buildActionMask = 2147483647;
			files = (
			);
			runOnlyForDeploymentPostprocessing = 0;
		};
		8FA9B45127ED81DF0050E20C /* Resources */ = {
			isa = PBXResourcesBuildPhase;
			buildActionMask = 2147483647;
			files = (
			);
			runOnlyForDeploymentPostprocessing = 0;
		};
/* End PBXResourcesBuildPhase section */

/* Begin PBXShellScriptBuildPhase section */
		771C86A799DD0DC6F6440E1A /* [CP] Embed Pods Frameworks */ = {
			isa = PBXShellScriptBuildPhase;
			buildActionMask = 2147483647;
			files = (
			);
			inputFileListPaths = (
				"${PODS_ROOT}/Target Support Files/Pods-Instagram/Pods-Instagram-frameworks-${CONFIGURATION}-input-files.xcfilelist",
			);
			name = "[CP] Embed Pods Frameworks";
			outputFileListPaths = (
				"${PODS_ROOT}/Target Support Files/Pods-Instagram/Pods-Instagram-frameworks-${CONFIGURATION}-output-files.xcfilelist",
			);
			runOnlyForDeploymentPostprocessing = 0;
			shellPath = /bin/sh;
			shellScript = "\"${PODS_ROOT}/Target Support Files/Pods-Instagram/Pods-Instagram-frameworks.sh\"\n";
			showEnvVarsInLog = 0;
		};
		933BBB469A0DC674DF32229C /* [CP] Check Pods Manifest.lock */ = {
			isa = PBXShellScriptBuildPhase;
			buildActionMask = 2147483647;
			files = (
			);
			inputFileListPaths = (
			);
			inputPaths = (
				"${PODS_PODFILE_DIR_PATH}/Podfile.lock",
				"${PODS_ROOT}/Manifest.lock",
			);
			name = "[CP] Check Pods Manifest.lock";
			outputFileListPaths = (
			);
			outputPaths = (
				"$(DERIVED_FILE_DIR)/Pods-InstagramUITests-checkManifestLockResult.txt",
			);
			runOnlyForDeploymentPostprocessing = 0;
			shellPath = /bin/sh;
			shellScript = "diff \"${PODS_PODFILE_DIR_PATH}/Podfile.lock\" \"${PODS_ROOT}/Manifest.lock\" > /dev/null\nif [ $? != 0 ] ; then\n    # print error to STDERR\n    echo \"error: The sandbox is not in sync with the Podfile.lock. Run 'pod install' or update your CocoaPods installation.\" >&2\n    exit 1\nfi\n# This output is used by Xcode 'outputs' to avoid re-running this script phase.\necho \"SUCCESS\" > \"${SCRIPT_OUTPUT_FILE_0}\"\n";
			showEnvVarsInLog = 0;
		};
		CF4999660E7853E0414C3043 /* [CP] Check Pods Manifest.lock */ = {
			isa = PBXShellScriptBuildPhase;
			buildActionMask = 2147483647;
			files = (
			);
			inputFileListPaths = (
			);
			inputPaths = (
				"${PODS_PODFILE_DIR_PATH}/Podfile.lock",
				"${PODS_ROOT}/Manifest.lock",
			);
			name = "[CP] Check Pods Manifest.lock";
			outputFileListPaths = (
			);
			outputPaths = (
				"$(DERIVED_FILE_DIR)/Pods-InstagramTests-checkManifestLockResult.txt",
			);
			runOnlyForDeploymentPostprocessing = 0;
			shellPath = /bin/sh;
			shellScript = "diff \"${PODS_PODFILE_DIR_PATH}/Podfile.lock\" \"${PODS_ROOT}/Manifest.lock\" > /dev/null\nif [ $? != 0 ] ; then\n    # print error to STDERR\n    echo \"error: The sandbox is not in sync with the Podfile.lock. Run 'pod install' or update your CocoaPods installation.\" >&2\n    exit 1\nfi\n# This output is used by Xcode 'outputs' to avoid re-running this script phase.\necho \"SUCCESS\" > \"${SCRIPT_OUTPUT_FILE_0}\"\n";
			showEnvVarsInLog = 0;
		};
		D995B419BF0C2DA86EAB21B1 /* [CP] Check Pods Manifest.lock */ = {
			isa = PBXShellScriptBuildPhase;
			buildActionMask = 2147483647;
			files = (
			);
			inputFileListPaths = (
			);
			inputPaths = (
				"${PODS_PODFILE_DIR_PATH}/Podfile.lock",
				"${PODS_ROOT}/Manifest.lock",
			);
			name = "[CP] Check Pods Manifest.lock";
			outputFileListPaths = (
			);
			outputPaths = (
				"$(DERIVED_FILE_DIR)/Pods-Instagram-checkManifestLockResult.txt",
			);
			runOnlyForDeploymentPostprocessing = 0;
			shellPath = /bin/sh;
			shellScript = "diff \"${PODS_PODFILE_DIR_PATH}/Podfile.lock\" \"${PODS_ROOT}/Manifest.lock\" > /dev/null\nif [ $? != 0 ] ; then\n    # print error to STDERR\n    echo \"error: The sandbox is not in sync with the Podfile.lock. Run 'pod install' or update your CocoaPods installation.\" >&2\n    exit 1\nfi\n# This output is used by Xcode 'outputs' to avoid re-running this script phase.\necho \"SUCCESS\" > \"${SCRIPT_OUTPUT_FILE_0}\"\n";
			showEnvVarsInLog = 0;
		};
/* End PBXShellScriptBuildPhase section */

/* Begin PBXSourcesBuildPhase section */
		8FA9B42F27ED81DA0050E20C /* Sources */ = {
			isa = PBXSourcesBuildPhase;
			buildActionMask = 2147483647;
			files = (
				8FDD70E327ED8C9A00830F4D /* LoginViewController.swift in Sources */,
				8FE8A53D27EEB4A70022F012 /* CameraViewController.swift in Sources */,
				8FA9B43727ED81DA0050E20C /* AppDelegate.swift in Sources */,
				8FDD70E527ED8CB600830F4D /* FeedViewController.swift in Sources */,
				8FA9B43927ED81DA0050E20C /* SceneDelegate.swift in Sources */,
				8FB1EF2A27EECBEE00A3C5E4 /* PostCell.swift in Sources */,
				8F59A50927F80699000C0F38 /* CommentCell.swift in Sources */,
			);
			runOnlyForDeploymentPostprocessing = 0;
		};
		8FA9B44527ED81DF0050E20C /* Sources */ = {
			isa = PBXSourcesBuildPhase;
			buildActionMask = 2147483647;
			files = (
				8FA9B44E27ED81DF0050E20C /* InstagramTests.swift in Sources */,
			);
			runOnlyForDeploymentPostprocessing = 0;
		};
		8FA9B44F27ED81DF0050E20C /* Sources */ = {
			isa = PBXSourcesBuildPhase;
			buildActionMask = 2147483647;
			files = (
				8FA9B45827ED81DF0050E20C /* InstagramUITests.swift in Sources */,
				8FA9B45A27ED81DF0050E20C /* InstagramUITestsLaunchTests.swift in Sources */,
			);
			runOnlyForDeploymentPostprocessing = 0;
		};
/* End PBXSourcesBuildPhase section */

/* Begin PBXTargetDependency section */
		8FA9B44B27ED81DF0050E20C /* PBXTargetDependency */ = {
			isa = PBXTargetDependency;
			target = 8FA9B43227ED81DA0050E20C /* Instagram */;
			targetProxy = 8FA9B44A27ED81DF0050E20C /* PBXContainerItemProxy */;
		};
		8FA9B45527ED81DF0050E20C /* PBXTargetDependency */ = {
			isa = PBXTargetDependency;
			target = 8FA9B43227ED81DA0050E20C /* Instagram */;
			targetProxy = 8FA9B45427ED81DF0050E20C /* PBXContainerItemProxy */;
		};
/* End PBXTargetDependency section */

/* Begin PBXVariantGroup section */
		8FA9B43C27ED81DA0050E20C /* Main.storyboard */ = {
			isa = PBXVariantGroup;
			children = (
				8FA9B43D27ED81DA0050E20C /* Base */,
			);
			name = Main.storyboard;
			sourceTree = "<group>";
		};
		8FA9B44127ED81DF0050E20C /* LaunchScreen.storyboard */ = {
			isa = PBXVariantGroup;
			children = (
				8FA9B44227ED81DF0050E20C /* Base */,
			);
			name = LaunchScreen.storyboard;
			sourceTree = "<group>";
		};
/* End PBXVariantGroup section */

/* Begin XCBuildConfiguration section */
		8FA9B45B27ED81DF0050E20C /* Debug */ = {
			isa = XCBuildConfiguration;
			buildSettings = {
				ALWAYS_SEARCH_USER_PATHS = NO;
				CLANG_ANALYZER_NONNULL = YES;
				CLANG_ANALYZER_NUMBER_OBJECT_CONVERSION = YES_AGGRESSIVE;
				CLANG_CXX_LANGUAGE_STANDARD = "gnu++17";
				CLANG_ENABLE_MODULES = YES;
				CLANG_ENABLE_OBJC_ARC = YES;
				CLANG_ENABLE_OBJC_WEAK = YES;
				CLANG_WARN_BLOCK_CAPTURE_AUTORELEASING = YES;
				CLANG_WARN_BOOL_CONVERSION = YES;
				CLANG_WARN_COMMA = YES;
				CLANG_WARN_CONSTANT_CONVERSION = YES;
				CLANG_WARN_DEPRECATED_OBJC_IMPLEMENTATIONS = YES;
				CLANG_WARN_DIRECT_OBJC_ISA_USAGE = YES_ERROR;
				CLANG_WARN_DOCUMENTATION_COMMENTS = YES;
				CLANG_WARN_EMPTY_BODY = YES;
				CLANG_WARN_ENUM_CONVERSION = YES;
				CLANG_WARN_INFINITE_RECURSION = YES;
				CLANG_WARN_INT_CONVERSION = YES;
				CLANG_WARN_NON_LITERAL_NULL_CONVERSION = YES;
				CLANG_WARN_OBJC_IMPLICIT_RETAIN_SELF = YES;
				CLANG_WARN_OBJC_LITERAL_CONVERSION = YES;
				CLANG_WARN_OBJC_ROOT_CLASS = YES_ERROR;
				CLANG_WARN_QUOTED_INCLUDE_IN_FRAMEWORK_HEADER = YES;
				CLANG_WARN_RANGE_LOOP_ANALYSIS = YES;
				CLANG_WARN_STRICT_PROTOTYPES = YES;
				CLANG_WARN_SUSPICIOUS_MOVE = YES;
				CLANG_WARN_UNGUARDED_AVAILABILITY = YES_AGGRESSIVE;
				CLANG_WARN_UNREACHABLE_CODE = YES;
				CLANG_WARN__DUPLICATE_METHOD_MATCH = YES;
				COPY_PHASE_STRIP = NO;
				DEBUG_INFORMATION_FORMAT = dwarf;
				ENABLE_STRICT_OBJC_MSGSEND = YES;
				ENABLE_TESTABILITY = YES;
				GCC_C_LANGUAGE_STANDARD = gnu11;
				GCC_DYNAMIC_NO_PIC = NO;
				GCC_NO_COMMON_BLOCKS = YES;
				GCC_OPTIMIZATION_LEVEL = 0;
				GCC_PREPROCESSOR_DEFINITIONS = (
					"DEBUG=1",
					"$(inherited)",
				);
				GCC_WARN_64_TO_32_BIT_CONVERSION = YES;
				GCC_WARN_ABOUT_RETURN_TYPE = YES_ERROR;
				GCC_WARN_UNDECLARED_SELECTOR = YES;
				GCC_WARN_UNINITIALIZED_AUTOS = YES_AGGRESSIVE;
				GCC_WARN_UNUSED_FUNCTION = YES;
				GCC_WARN_UNUSED_VARIABLE = YES;
				IPHONEOS_DEPLOYMENT_TARGET = 15.4;
				MTL_ENABLE_DEBUG_INFO = INCLUDE_SOURCE;
				MTL_FAST_MATH = YES;
				ONLY_ACTIVE_ARCH = YES;
				SDKROOT = iphoneos;
				SWIFT_ACTIVE_COMPILATION_CONDITIONS = DEBUG;
				SWIFT_OPTIMIZATION_LEVEL = "-Onone";
			};
			name = Debug;
		};
		8FA9B45C27ED81DF0050E20C /* Release */ = {
			isa = XCBuildConfiguration;
			buildSettings = {
				ALWAYS_SEARCH_USER_PATHS = NO;
				CLANG_ANALYZER_NONNULL = YES;
				CLANG_ANALYZER_NUMBER_OBJECT_CONVERSION = YES_AGGRESSIVE;
				CLANG_CXX_LANGUAGE_STANDARD = "gnu++17";
				CLANG_ENABLE_MODULES = YES;
				CLANG_ENABLE_OBJC_ARC = YES;
				CLANG_ENABLE_OBJC_WEAK = YES;
				CLANG_WARN_BLOCK_CAPTURE_AUTORELEASING = YES;
				CLANG_WARN_BOOL_CONVERSION = YES;
				CLANG_WARN_COMMA = YES;
				CLANG_WARN_CONSTANT_CONVERSION = YES;
				CLANG_WARN_DEPRECATED_OBJC_IMPLEMENTATIONS = YES;
				CLANG_WARN_DIRECT_OBJC_ISA_USAGE = YES_ERROR;
				CLANG_WARN_DOCUMENTATION_COMMENTS = YES;
				CLANG_WARN_EMPTY_BODY = YES;
				CLANG_WARN_ENUM_CONVERSION = YES;
				CLANG_WARN_INFINITE_RECURSION = YES;
				CLANG_WARN_INT_CONVERSION = YES;
				CLANG_WARN_NON_LITERAL_NULL_CONVERSION = YES;
				CLANG_WARN_OBJC_IMPLICIT_RETAIN_SELF = YES;
				CLANG_WARN_OBJC_LITERAL_CONVERSION = YES;
				CLANG_WARN_OBJC_ROOT_CLASS = YES_ERROR;
				CLANG_WARN_QUOTED_INCLUDE_IN_FRAMEWORK_HEADER = YES;
				CLANG_WARN_RANGE_LOOP_ANALYSIS = YES;
				CLANG_WARN_STRICT_PROTOTYPES = YES;
				CLANG_WARN_SUSPICIOUS_MOVE = YES;
				CLANG_WARN_UNGUARDED_AVAILABILITY = YES_AGGRESSIVE;
				CLANG_WARN_UNREACHABLE_CODE = YES;
				CLANG_WARN__DUPLICATE_METHOD_MATCH = YES;
				COPY_PHASE_STRIP = NO;
				DEBUG_INFORMATION_FORMAT = "dwarf-with-dsym";
				ENABLE_NS_ASSERTIONS = NO;
				ENABLE_STRICT_OBJC_MSGSEND = YES;
				GCC_C_LANGUAGE_STANDARD = gnu11;
				GCC_NO_COMMON_BLOCKS = YES;
				GCC_WARN_64_TO_32_BIT_CONVERSION = YES;
				GCC_WARN_ABOUT_RETURN_TYPE = YES_ERROR;
				GCC_WARN_UNDECLARED_SELECTOR = YES;
				GCC_WARN_UNINITIALIZED_AUTOS = YES_AGGRESSIVE;
				GCC_WARN_UNUSED_FUNCTION = YES;
				GCC_WARN_UNUSED_VARIABLE = YES;
				IPHONEOS_DEPLOYMENT_TARGET = 15.4;
				MTL_ENABLE_DEBUG_INFO = NO;
				MTL_FAST_MATH = YES;
				SDKROOT = iphoneos;
				SWIFT_COMPILATION_MODE = wholemodule;
				SWIFT_OPTIMIZATION_LEVEL = "-O";
				VALIDATE_PRODUCT = YES;
			};
			name = Release;
		};
		8FA9B45E27ED81DF0050E20C /* Debug */ = {
			isa = XCBuildConfiguration;
			baseConfigurationReference = 6BE395702968F862783D107A /* Pods-Instagram.debug.xcconfig */;
			buildSettings = {
				ASSETCATALOG_COMPILER_APPICON_NAME = AppIcon;
				ASSETCATALOG_COMPILER_GLOBAL_ACCENT_COLOR_NAME = AccentColor;
				CODE_SIGN_STYLE = Automatic;
				CURRENT_PROJECT_VERSION = 1;
				DEVELOPMENT_TEAM = BFH2T56CB3;
				GENERATE_INFOPLIST_FILE = YES;
				INFOPLIST_FILE = Instagram/Info.plist;
				INFOPLIST_KEY_UIApplicationSupportsIndirectInputEvents = YES;
				INFOPLIST_KEY_UILaunchStoryboardName = LaunchScreen;
				INFOPLIST_KEY_UIMainStoryboardFile = Main;
				INFOPLIST_KEY_UISupportedInterfaceOrientations = "UIInterfaceOrientationPortrait UIInterfaceOrientationLandscapeLeft UIInterfaceOrientationLandscapeRight";
				INFOPLIST_KEY_UISupportedInterfaceOrientations_iPad = "UIInterfaceOrientationPortrait UIInterfaceOrientationPortraitUpsideDown UIInterfaceOrientationLandscapeLeft UIInterfaceOrientationLandscapeRight";
				INFOPLIST_KEY_UISupportedInterfaceOrientations_iPhone = "UIInterfaceOrientationPortrait UIInterfaceOrientationLandscapeLeft UIInterfaceOrientationLandscapeRight";
				LD_RUNPATH_SEARCH_PATHS = (
					"$(inherited)",
					"@executable_path/Frameworks",
				);
				MARKETING_VERSION = 1.0;
				PRODUCT_BUNDLE_IDENTIFIER = "com.p.s.victoria1405-gmail.com.Instagram";
				PRODUCT_NAME = "$(TARGET_NAME)";
				SWIFT_EMIT_LOC_STRINGS = YES;
				SWIFT_VERSION = 5.0;
				TARGETED_DEVICE_FAMILY = "1,2";
			};
			name = Debug;
		};
		8FA9B45F27ED81DF0050E20C /* Release */ = {
			isa = XCBuildConfiguration;
			baseConfigurationReference = F5CB9113EB4A3184F043B957 /* Pods-Instagram.release.xcconfig */;
			buildSettings = {
				ASSETCATALOG_COMPILER_APPICON_NAME = AppIcon;
				ASSETCATALOG_COMPILER_GLOBAL_ACCENT_COLOR_NAME = AccentColor;
				CODE_SIGN_STYLE = Automatic;
				CURRENT_PROJECT_VERSION = 1;
				DEVELOPMENT_TEAM = BFH2T56CB3;
				GENERATE_INFOPLIST_FILE = YES;
				INFOPLIST_FILE = Instagram/Info.plist;
				INFOPLIST_KEY_UIApplicationSupportsIndirectInputEvents = YES;
				INFOPLIST_KEY_UILaunchStoryboardName = LaunchScreen;
				INFOPLIST_KEY_UIMainStoryboardFile = Main;
				INFOPLIST_KEY_UISupportedInterfaceOrientations = "UIInterfaceOrientationPortrait UIInterfaceOrientationLandscapeLeft UIInterfaceOrientationLandscapeRight";
				INFOPLIST_KEY_UISupportedInterfaceOrientations_iPad = "UIInterfaceOrientationPortrait UIInterfaceOrientationPortraitUpsideDown UIInterfaceOrientationLandscapeLeft UIInterfaceOrientationLandscapeRight";
				INFOPLIST_KEY_UISupportedInterfaceOrientations_iPhone = "UIInterfaceOrientationPortrait UIInterfaceOrientationLandscapeLeft UIInterfaceOrientationLandscapeRight";
				LD_RUNPATH_SEARCH_PATHS = (
					"$(inherited)",
					"@executable_path/Frameworks",
				);
				MARKETING_VERSION = 1.0;
				PRODUCT_BUNDLE_IDENTIFIER = "com.p.s.victoria1405-gmail.com.Instagram";
				PRODUCT_NAME = "$(TARGET_NAME)";
				SWIFT_EMIT_LOC_STRINGS = YES;
				SWIFT_VERSION = 5.0;
				TARGETED_DEVICE_FAMILY = "1,2";
			};
			name = Release;
		};
		8FA9B46127ED81DF0050E20C /* Debug */ = {
			isa = XCBuildConfiguration;
			baseConfigurationReference = 44D702EC77F36556699F814E /* Pods-InstagramTests.debug.xcconfig */;
			buildSettings = {
				ALWAYS_EMBED_SWIFT_STANDARD_LIBRARIES = YES;
				BUNDLE_LOADER = "$(TEST_HOST)";
				CODE_SIGN_STYLE = Automatic;
				CURRENT_PROJECT_VERSION = 1;
				DEVELOPMENT_TEAM = BFH2T56CB3;
				GENERATE_INFOPLIST_FILE = YES;
				IPHONEOS_DEPLOYMENT_TARGET = 15.4;
				MARKETING_VERSION = 1.0;
				PRODUCT_BUNDLE_IDENTIFIER = "com.p.s.victoria1405-gmail.com.InstagramTests";
				PRODUCT_NAME = "$(TARGET_NAME)";
				SWIFT_EMIT_LOC_STRINGS = NO;
				SWIFT_VERSION = 5.0;
				TARGETED_DEVICE_FAMILY = "1,2";
				TEST_HOST = "$(BUILT_PRODUCTS_DIR)/Instagram.app/Instagram";
			};
			name = Debug;
		};
		8FA9B46227ED81DF0050E20C /* Release */ = {
			isa = XCBuildConfiguration;
			baseConfigurationReference = 3C30363E8ACC7322171B666B /* Pods-InstagramTests.release.xcconfig */;
			buildSettings = {
				ALWAYS_EMBED_SWIFT_STANDARD_LIBRARIES = YES;
				BUNDLE_LOADER = "$(TEST_HOST)";
				CODE_SIGN_STYLE = Automatic;
				CURRENT_PROJECT_VERSION = 1;
				DEVELOPMENT_TEAM = BFH2T56CB3;
				GENERATE_INFOPLIST_FILE = YES;
				IPHONEOS_DEPLOYMENT_TARGET = 15.4;
				MARKETING_VERSION = 1.0;
				PRODUCT_BUNDLE_IDENTIFIER = "com.p.s.victoria1405-gmail.com.InstagramTests";
				PRODUCT_NAME = "$(TARGET_NAME)";
				SWIFT_EMIT_LOC_STRINGS = NO;
				SWIFT_VERSION = 5.0;
				TARGETED_DEVICE_FAMILY = "1,2";
				TEST_HOST = "$(BUILT_PRODUCTS_DIR)/Instagram.app/Instagram";
			};
			name = Release;
		};
		8FA9B46427ED81DF0050E20C /* Debug */ = {
			isa = XCBuildConfiguration;
			baseConfigurationReference = 65579187C081BA89356B01B5 /* Pods-InstagramUITests.debug.xcconfig */;
			buildSettings = {
				ALWAYS_EMBED_SWIFT_STANDARD_LIBRARIES = YES;
				CODE_SIGN_STYLE = Automatic;
				CURRENT_PROJECT_VERSION = 1;
				DEVELOPMENT_TEAM = BFH2T56CB3;
				GENERATE_INFOPLIST_FILE = YES;
				MARKETING_VERSION = 1.0;
				PRODUCT_BUNDLE_IDENTIFIER = "com.p.s.victoria1405-gmail.com.InstagramUITests";
				PRODUCT_NAME = "$(TARGET_NAME)";
				SWIFT_EMIT_LOC_STRINGS = NO;
				SWIFT_VERSION = 5.0;
				TARGETED_DEVICE_FAMILY = "1,2";
				TEST_TARGET_NAME = Instagram;
			};
			name = Debug;
		};
		8FA9B46527ED81DF0050E20C /* Release */ = {
			isa = XCBuildConfiguration;
			baseConfigurationReference = D8427C49CD8F04BE8AAB8310 /* Pods-InstagramUITests.release.xcconfig */;
			buildSettings = {
				ALWAYS_EMBED_SWIFT_STANDARD_LIBRARIES = YES;
				CODE_SIGN_STYLE = Automatic;
				CURRENT_PROJECT_VERSION = 1;
				DEVELOPMENT_TEAM = BFH2T56CB3;
				GENERATE_INFOPLIST_FILE = YES;
				MARKETING_VERSION = 1.0;
				PRODUCT_BUNDLE_IDENTIFIER = "com.p.s.victoria1405-gmail.com.InstagramUITests";
				PRODUCT_NAME = "$(TARGET_NAME)";
				SWIFT_EMIT_LOC_STRINGS = NO;
				SWIFT_VERSION = 5.0;
				TARGETED_DEVICE_FAMILY = "1,2";
				TEST_TARGET_NAME = Instagram;
			};
			name = Release;
		};
/* End XCBuildConfiguration section */

/* Begin XCConfigurationList section */
		8FA9B42E27ED81DA0050E20C /* Build configuration list for PBXProject "Instagram" */ = {
			isa = XCConfigurationList;
			buildConfigurations = (
				8FA9B45B27ED81DF0050E20C /* Debug */,
				8FA9B45C27ED81DF0050E20C /* Release */,
			);
			defaultConfigurationIsVisible = 0;
			defaultConfigurationName = Release;
		};
		8FA9B45D27ED81DF0050E20C /* Build configuration list for PBXNativeTarget "Instagram" */ = {
			isa = XCConfigurationList;
			buildConfigurations = (
				8FA9B45E27ED81DF0050E20C /* Debug */,
				8FA9B45F27ED81DF0050E20C /* Release */,
			);
			defaultConfigurationIsVisible = 0;
			defaultConfigurationName = Release;
		};
		8FA9B46027ED81DF0050E20C /* Build configuration list for PBXNativeTarget "InstagramTests" */ = {
			isa = XCConfigurationList;
			buildConfigurations = (
				8FA9B46127ED81DF0050E20C /* Debug */,
				8FA9B46227ED81DF0050E20C /* Release */,
			);
			defaultConfigurationIsVisible = 0;
			defaultConfigurationName = Release;
		};
		8FA9B46327ED81DF0050E20C /* Build configuration list for PBXNativeTarget "InstagramUITests" */ = {
			isa = XCConfigurationList;
			buildConfigurations = (
				8FA9B46427ED81DF0050E20C /* Debug */,
				8FA9B46527ED81DF0050E20C /* Release */,
			);
			defaultConfigurationIsVisible = 0;
			defaultConfigurationName = Release;
		};
/* End XCConfigurationList section */
	};
	rootObject = 8FA9B42B27ED81DA0050E20C /* Project object */;
}
